lockfileVersion: 5.4

importers:

  .:
    specifiers:
      '@moonrepo/cli': ^0.17.0
    devDependencies:
      '@moonrepo/cli': 0.17.0

packages:

  /@moonrepo/cli/0.17.0:
    resolution: {integrity: sha512-+ieTQhit/DXJWZa1ll0e6VUwm5feC+szURRwI3ADNOczVnKFN9fhyAYFGnTNeTSqDinILe1gRo2FsB/VUnbs1g==}
    hasBin: true
    requiresBuild: true
    dependencies:
      detect-libc: 2.0.1
    optionalDependencies:
      '@moonrepo/core-linux-arm64-gnu': 0.17.0
      '@moonrepo/core-linux-arm64-musl': 0.17.0
      '@moonrepo/core-linux-x64-gnu': 0.17.0
      '@moonrepo/core-linux-x64-musl': 0.17.0
      '@moonrepo/core-macos-arm64': 0.17.0
      '@moonrepo/core-macos-x64': 0.17.0
      '@moonrepo/core-windows-x64-msvc': 0.17.0
    dev: true

  /@moonrepo/core-linux-arm64-gnu/0.17.0:
    resolution: {integrity: sha512-tdoltw33XA98vR8Q1pjmETGJp/GscE/dcOVvknuFgNN/7Bdu6RNYfGcfm8HP5Uza5hk/7KIGrYXzznRSdzeZDQ==}
    cpu: [arm64]
    os: [linux]
    requiresBuild: true
    dev: true
    optional: true

  /@moonrepo/core-linux-arm64-musl/0.17.0:
    resolution: {integrity: sha512-B3GeHa02KCy95IMde6UHzS4S3JVjthhwI4eu4BZO671LAfwHPu5pCHES1V74uY0w7NLCrSIyS0O5/QdAREjs7A==}
    cpu: [arm64]
    os: [linux]
    requiresBuild: true
    dev: true
    optional: true

  /@moonrepo/core-linux-x64-gnu/0.17.0:
    resolution: {integrity: sha512-5+6m4o62vIdGCYJ3QMaThDeaHci3rI8TqsLEhQWZ0vzaGRDKA54KjMy6G2aNl5oRGOEgu9CX0jwMUHnJrgVjsg==}
    cpu: [x64]
    os: [linux]
    requiresBuild: true
    dev: true
    optional: true

  /@moonrepo/core-linux-x64-musl/0.17.0:
    resolution: {integrity: sha512-HYamGPBNmUAjsE4MDa0Nyqw7RJ1NgqEu2JLYEh1/LcyxyzAaqnJ5JjZNWmVgIhrfU3de0tPdzfoNpEmptGFSVQ==}
    cpu: [x64]
    os: [linux]
    requiresBuild: true
    dev: true
    optional: true

  /@moonrepo/core-macos-arm64/0.17.0:
    resolution: {integrity: sha512-5FrrCPTxvAPdOY8+uXhnIO2HTitclU7Yxy6GTwPOFMPX/FOE919bXWXOq+zDfs+ltKroT5dlD+xN+prdsUFQaQ==}
    cpu: [arm64]
    os: [darwin]
    requiresBuild: true
    dev: true
    optional: true

  /@moonrepo/core-macos-x64/0.17.0:
    resolution: {integrity: sha512-GyOgKa5+Vmkhl98FhQHXU19n6xEUbfDGfayl1RT03MWKr8bv1o7Ko8qHOJ25rmnhpHkmC9KHC58R9a2HSuucrw==}
    cpu: [x64]
    os: [darwin]
    requiresBuild: true
    dev: true
    optional: true

  /@moonrepo/core-windows-x64-msvc/0.17.0:
    resolution: {integrity: sha512-GV3s29xz/Gltvka8mgdQAqCYXw3Cxfu5eS0+T+70Qc1iNMOqYMhWmhs6+vzm3YbtTDQMvD7hD4lWApqma7todg==}
    cpu: [x64]
    os: [win32]
    requiresBuild: true
    dev: true
    optional: true

  /detect-libc/2.0.1:
    resolution: {integrity: sha512-463v3ZeIrcWtdgIg6vI6XUncguvr2TnGl4SzDXinkt9mSLpBJKXT3mW6xT3VQdDN11+WVs29pgvivTc4Lp8v+w==}
    engines: {node: '>=8'}
    dev: true
